
Microsoft Visual Studio Solution File, Format Version 12.00
# Visual Studio 15
VisualStudioVersion = 15.0.27703.2018
MinimumVisualStudioVersion = 10.0.40219.1
Project("{FAE04EC0-301F-11D3-BF4B-00C04F79EFBC}") = "areas", "areas\areas.csproj", "{8842B10C-266B-4080-81D1-78E8BAE3B7CC}"
EndProject
Global
	GlobalSection(SolutionConfigurationPlatforms) = preSolution
		Debug|Any CPU = Debug|Any CPU
		Release|Any CPU = Release|Any CPU
	EndGlobalSection
	GlobalSection(ProjectConfigurationPlatforms) = postSolution
		{8842B10C-266B-4080-81D1-78E8BAE3B7CC}.Debug|Any CPU.ActiveCfg = Debug|Any CPU
		{8842B10C-266B-4080-81D1-78E8BAE3B7CC}.Debug|Any CPU.Build.0 = Debug|Any CPU
		{8842B10C-266B-4080-81D1-78E8BAE3B7CC}.Release|Any CPU.ActiveCfg = Release|Any CPU
		{8842B10C-266B-4080-81D1-78E8BAE3B7CC}.Release|Any CPU.Build.0 = Release|Any CPU
	EndGlobalSection
	GlobalSection(SolutionProperties) = preSolution
		HideSolutionNode = FALSE
	EndGlobalSection
	GlobalSection(ExtensibilityGlobals) = postSolution
		SolutionGuid = {D0B35E5E-C21E-4CAD-A14F-8F1F8FE0D3A6}
	EndGlobalSection
EndGlobal
